// !$*UTF8*$!
{
	archiveVersion = 1;
	classes = {
	};
	objectVersion = 46;
	objects = {

/* Begin PBXBuildFile section */
		2100653F1DE2DA2800F20880 /* SettingsVM.swift in Sources */ = {isa = PBXBuildFile; fileRef = 2100653E1DE2DA2800F20880 /* SettingsVM.swift */; };
		2123BD9F1DDAC9EE00A0D5DD /* SignupVM.swift in Sources */ = {isa = PBXBuildFile; fileRef = 2123BD9E1DDAC9EE00A0D5DD /* SignupVM.swift */; };
		216C90B71DD99ED60032A425 /* LoginVC.swift in Sources */ = {isa = PBXBuildFile; fileRef = 216C90A21DD99ED60032A425 /* LoginVC.swift */; };
		216C90B81DD99ED60032A425 /* MainVC.swift in Sources */ = {isa = PBXBuildFile; fileRef = 216C90A61DD99ED60032A425 /* MainVC.swift */; };
		216C90B91DD99ED60032A425 /* WebViewVC.swift in Sources */ = {isa = PBXBuildFile; fileRef = 216C90AC1DD99ED60032A425 /* WebViewVC.swift */; };
		216C90BB1DD99ED60032A425 /* SettingsVC.swift in Sources */ = {isa = PBXBuildFile; fileRef = 216C90B01DD99ED60032A425 /* SettingsVC.swift */; };
		216C90BC1DD99ED60032A425 /* SignupVC.swift in Sources */ = {isa = PBXBuildFile; fileRef = 216C90B21DD99ED60032A425 /* SignupVC.swift */; };
		216C90BF1DD99F2A0032A425 /* LoginVM.swift in Sources */ = {isa = PBXBuildFile; fileRef = 216C90BE1DD99F2A0032A425 /* LoginVM.swift */; };
		216C90C41DD9CEE30032A425 /* Main.storyboard in Resources */ = {isa = PBXBuildFile; fileRef = 216C90C21DD9CEE30032A425 /* Main.storyboard */; };
		21CCD2151DE04FB100171436 /* UIViewController+presentError.swift in Sources */ = {isa = PBXBuildFile; fileRef = 21CCD2141DE04FB100171436 /* UIViewController+presentError.swift */; };
		21F91B861DDF168300A96D90 /* UserTrackerModal.swift in Sources */ = {isa = PBXBuildFile; fileRef = 21F91B851DDF168300A96D90 /* UserTrackerModal.swift */; };
		21F956961DDD834500B4171D /* ShareEndpoint.swift in Sources */ = {isa = PBXBuildFile; fileRef = 21F956951DDD834500B4171D /* ShareEndpoint.swift */; };
		21F9569A1DDD8C7100B4171D /* UserMapper.swift in Sources */ = {isa = PBXBuildFile; fileRef = 21F956991DDD8C7100B4171D /* UserMapper.swift */; };
		21FDEC381DC86D70006AE5A6 /* UIView+Additions.swift in Sources */ = {isa = PBXBuildFile; fileRef = 21FDEC371DC86D70006AE5A6 /* UIView+Additions.swift */; };
		21FDEC3A1DC8727A006AE5A6 /* textField.swift in Sources */ = {isa = PBXBuildFile; fileRef = 21FDEC391DC8727A006AE5A6 /* textField.swift */; };
		4FB3FA486A91811ED5027F95 /* Pods_Share.framework in Frameworks */ = {isa = PBXBuildFile; fileRef = 30C6A4ECB66C0A0C0A884BF9 /* Pods_Share.framework */; };
		55BF5DCF1DE220FA00D84D74 /* MainVM.swift in Sources */ = {isa = PBXBuildFile; fileRef = 55BF5DCE1DE220FA00D84D74 /* MainVM.swift */; };
		A821675D1DB490D000836A0C /* AppDelegate.swift in Sources */ = {isa = PBXBuildFile; fileRef = A821675C1DB490D000836A0C /* AppDelegate.swift */; };
		A82167641DB490D000836A0C /* Assets.xcassets in Resources */ = {isa = PBXBuildFile; fileRef = A82167631DB490D000836A0C /* Assets.xcassets */; };
		A82167671DB490D000836A0C /* LaunchScreen.storyboard in Resources */ = {isa = PBXBuildFile; fileRef = A82167651DB490D000836A0C /* LaunchScreen.storyboard */; };
/* End PBXBuildFile section */

/* Begin PBXFileReference section */
		2100653E1DE2DA2800F20880 /* SettingsVM.swift */ = {isa = PBXFileReference; fileEncoding = 4; lastKnownFileType = sourcecode.swift; path = SettingsVM.swift; sourceTree = "<group>"; };
		2123BD9E1DDAC9EE00A0D5DD /* SignupVM.swift */ = {isa = PBXFileReference; fileEncoding = 4; lastKnownFileType = sourcecode.swift; path = SignupVM.swift; sourceTree = "<group>"; };
		216C90A21DD99ED60032A425 /* LoginVC.swift */ = {isa = PBXFileReference; fileEncoding = 4; lastKnownFileType = sourcecode.swift; path = LoginVC.swift; sourceTree = "<group>"; };
		216C90A61DD99ED60032A425 /* MainVC.swift */ = {isa = PBXFileReference; fileEncoding = 4; lastKnownFileType = sourcecode.swift; path = MainVC.swift; sourceTree = "<group>"; };
		216C90AC1DD99ED60032A425 /* WebViewVC.swift */ = {isa = PBXFileReference; fileEncoding = 4; lastKnownFileType = sourcecode.swift; path = WebViewVC.swift; sourceTree = "<group>"; };
		216C90B01DD99ED60032A425 /* SettingsVC.swift */ = {isa = PBXFileReference; fileEncoding = 4; lastKnownFileType = sourcecode.swift; path = SettingsVC.swift; sourceTree = "<group>"; };
		216C90B21DD99ED60032A425 /* SignupVC.swift */ = {isa = PBXFileReference; fileEncoding = 4; lastKnownFileType = sourcecode.swift; path = SignupVC.swift; sourceTree = "<group>"; };
		216C90BE1DD99F2A0032A425 /* LoginVM.swift */ = {isa = PBXFileReference; fileEncoding = 4; lastKnownFileType = sourcecode.swift; path = LoginVM.swift; sourceTree = "<group>"; };
		216C90C31DD9CEE30032A425 /* Base */ = {isa = PBXFileReference; lastKnownFileType = file.storyboard; name = Base; path = Base.lproj/Main.storyboard; sourceTree = "<group>"; };
		21CCD2141DE04FB100171436 /* UIViewController+presentError.swift */ = {isa = PBXFileReference; fileEncoding = 4; lastKnownFileType = sourcecode.swift; path = "UIViewController+presentError.swift"; sourceTree = "<group>"; };
		21F91B851DDF168300A96D90 /* UserTrackerModal.swift */ = {isa = PBXFileReference; fileEncoding = 4; lastKnownFileType = sourcecode.swift; path = UserTrackerModal.swift; sourceTree = "<group>"; };
		21F956951DDD834500B4171D /* ShareEndpoint.swift */ = {isa = PBXFileReference; fileEncoding = 4; lastKnownFileType = sourcecode.swift; path = ShareEndpoint.swift; sourceTree = "<group>"; };
		21F956991DDD8C7100B4171D /* UserMapper.swift */ = {isa = PBXFileReference; fileEncoding = 4; lastKnownFileType = sourcecode.swift; path = UserMapper.swift; sourceTree = "<group>"; };
		21FDEC371DC86D70006AE5A6 /* UIView+Additions.swift */ = {isa = PBXFileReference; fileEncoding = 4; lastKnownFileType = sourcecode.swift; path = "UIView+Additions.swift"; sourceTree = "<group>"; };
		21FDEC391DC8727A006AE5A6 /* textField.swift */ = {isa = PBXFileReference; fileEncoding = 4; lastKnownFileType = sourcecode.swift; path = textField.swift; sourceTree = "<group>"; };
		30C6A4ECB66C0A0C0A884BF9 /* Pods_Share.framework */ = {isa = PBXFileReference; explicitFileType = wrapper.framework; includeInIndex = 0; path = Pods_Share.framework; sourceTree = BUILT_PRODUCTS_DIR; };
		55BF5DCE1DE220FA00D84D74 /* MainVM.swift */ = {isa = PBXFileReference; fileEncoding = 4; lastKnownFileType = sourcecode.swift; path = MainVM.swift; sourceTree = "<group>"; };
		A82167591DB490D000836A0C /* Share.app */ = {isa = PBXFileReference; explicitFileType = wrapper.application; includeInIndex = 0; path = Share.app; sourceTree = BUILT_PRODUCTS_DIR; };
		A821675C1DB490D000836A0C /* AppDelegate.swift */ = {isa = PBXFileReference; lastKnownFileType = sourcecode.swift; name = AppDelegate.swift; path = ../../AppDelegate.swift; sourceTree = "<group>"; };
		A82167631DB490D000836A0C /* Assets.xcassets */ = {isa = PBXFileReference; lastKnownFileType = folder.assetcatalog; path = Assets.xcassets; sourceTree = "<group>"; };
		A82167661DB490D000836A0C /* Base */ = {isa = PBXFileReference; lastKnownFileType = file.storyboard; name = Base; path = Base.lproj/LaunchScreen.storyboard; sourceTree = "<group>"; };
		A82167681DB490D000836A0C /* Info.plist */ = {isa = PBXFileReference; lastKnownFileType = text.plist.xml; path = Info.plist; sourceTree = "<group>"; };
		A8A7E74B1DB5FAED00D78A5E /* Alamofire.framework */ = {isa = PBXFileReference; lastKnownFileType = wrapper.framework; name = Alamofire.framework; path = Carthage/Build/iOS/Alamofire.framework; sourceTree = "<group>"; };
		A8DEBE291DB4CE8F00F92EA0 /* FBSDKCoreKit.framework */ = {isa = PBXFileReference; lastKnownFileType = wrapper.framework; name = FBSDKCoreKit.framework; path = Carthage/Build/iOS/FBSDKCoreKit.framework; sourceTree = "<group>"; };
		A8DEBE2A1DB4CE8F00F92EA0 /* FBSDKLoginKit.framework */ = {isa = PBXFileReference; lastKnownFileType = wrapper.framework; name = FBSDKLoginKit.framework; path = Carthage/Build/iOS/FBSDKLoginKit.framework; sourceTree = "<group>"; };
		A8DEBE2B1DB4CE8F00F92EA0 /* FBSDKShareKit.framework */ = {isa = PBXFileReference; lastKnownFileType = wrapper.framework; name = FBSDKShareKit.framework; path = Carthage/Build/iOS/FBSDKShareKit.framework; sourceTree = "<group>"; };
		A8DEBE2F1DB4CE9900F92EA0 /* Bolts.framework */ = {isa = PBXFileReference; lastKnownFileType = wrapper.framework; name = Bolts.framework; path = Carthage/Build/iOS/Bolts.framework; sourceTree = "<group>"; };
		A8DEBE351DB4D8AF00F92EA0 /* FacebookLogin.framework */ = {isa = PBXFileReference; lastKnownFileType = wrapper.framework; name = FacebookLogin.framework; path = Carthage/Build/iOS/FacebookLogin.framework; sourceTree = "<group>"; };
		A8DEBE361DB4D8AF00F92EA0 /* FacebookShare.framework */ = {isa = PBXFileReference; lastKnownFileType = wrapper.framework; name = FacebookShare.framework; path = Carthage/Build/iOS/FacebookShare.framework; sourceTree = "<group>"; };
		A8DEBE371DB4D8AF00F92EA0 /* FacebookCore.framework */ = {isa = PBXFileReference; lastKnownFileType = wrapper.framework; name = FacebookCore.framework; path = Carthage/Build/iOS/FacebookCore.framework; sourceTree = "<group>"; };
		A8EC722A1DB4EB3B00CB5A9C /* Share.entitlements */ = {isa = PBXFileReference; lastKnownFileType = text.plist.entitlements; path = Share.entitlements; sourceTree = "<group>"; };
		B30B44A3EC7C1A429CB56C07 /* Pods-Share.debug.xcconfig */ = {isa = PBXFileReference; includeInIndex = 1; lastKnownFileType = text.xcconfig; name = "Pods-Share.debug.xcconfig"; path = "Pods/Target Support Files/Pods-Share/Pods-Share.debug.xcconfig"; sourceTree = "<group>"; };
		DB87CD278D7865D989324AB6 /* Pods-Share.release.xcconfig */ = {isa = PBXFileReference; includeInIndex = 1; lastKnownFileType = text.xcconfig; name = "Pods-Share.release.xcconfig"; path = "Pods/Target Support Files/Pods-Share/Pods-Share.release.xcconfig"; sourceTree = "<group>"; };
/* End PBXFileReference section */

/* Begin PBXFrameworksBuildPhase section */
		A82167561DB490CF00836A0C /* Frameworks */ = {
			isa = PBXFrameworksBuildPhase;
			buildActionMask = 2147483647;
			files = (
				4FB3FA486A91811ED5027F95 /* Pods_Share.framework in Frameworks */,
			);
			runOnlyForDeploymentPostprocessing = 0;
		};
/* End PBXFrameworksBuildPhase section */

/* Begin PBXGroup section */
		2100653D1DE2D98300F20880 /* SettingsViewModal */ = {
			isa = PBXGroup;
			children = (
				2100653E1DE2DA2800F20880 /* SettingsVM.swift */,
			);
			path = SettingsViewModal;
			sourceTree = "<group>";
		};
		2123BD9D1DDAC9D900A0D5DD /* SignupViewModal */ = {
			isa = PBXGroup;
			children = (
				2123BD9E1DDAC9EE00A0D5DD /* SignupVM.swift */,
			);
			path = SignupViewModal;
			sourceTree = "<group>";
		};
		21311E5C1DC7266C00B19D94 /* Misc */ = {
			isa = PBXGroup;
			children = (
				21CCD2141DE04FB100171436 /* UIViewController+presentError.swift */,
				21FDEC371DC86D70006AE5A6 /* UIView+Additions.swift */,
				21FDEC391DC8727A006AE5A6 /* textField.swift */,
			);
			path = Misc;
			sourceTree = "<group>";
		};
		216C909A1DD99ED60032A425 /* MVVM */ = {
			isa = PBXGroup;
			children = (
				21F956971DDD8BD400B4171D /* Mappers */,
				216C909D1DD99ED60032A425 /* ViewControllers */,
				216C90B31DD99ED60032A425 /* ViewModals */,
				216C90B41DD99ED60032A425 /* Views */,
			);
			path = MVVM;
			sourceTree = "<group>";
		};
		216C909D1DD99ED60032A425 /* ViewControllers */ = {
			isa = PBXGroup;
			children = (
				216C90A11DD99ED60032A425 /* LoginVC */,
				216C90A31DD99ED60032A425 /* MainVC */,
				216C90AF1DD99ED60032A425 /* SettingsVC */,
				216C90B11DD99ED60032A425 /* SignUpVC */,
			);
			path = ViewControllers;
			sourceTree = "<group>";
		};
		216C90A11DD99ED60032A425 /* LoginVC */ = {
			isa = PBXGroup;
			children = (
				216C90A21DD99ED60032A425 /* LoginVC.swift */,
			);
			path = LoginVC;
			sourceTree = "<group>";
		};
		216C90A31DD99ED60032A425 /* MainVC */ = {
			isa = PBXGroup;
			children = (
				216C90A61DD99ED60032A425 /* MainVC.swift */,
				216C90AB1DD99ED60032A425 /* WebView */,
			);
			path = MainVC;
			sourceTree = "<group>";
		};
		216C90AB1DD99ED60032A425 /* WebView */ = {
			isa = PBXGroup;
			children = (
				216C90AC1DD99ED60032A425 /* WebViewVC.swift */,
			);
			path = WebView;
			sourceTree = "<group>";
		};
		216C90AF1DD99ED60032A425 /* SettingsVC */ = {
			isa = PBXGroup;
			children = (
				216C90B01DD99ED60032A425 /* SettingsVC.swift */,
			);
			path = SettingsVC;
			sourceTree = "<group>";
		};
		216C90B11DD99ED60032A425 /* SignUpVC */ = {
			isa = PBXGroup;
			children = (
				216C90B21DD99ED60032A425 /* SignupVC.swift */,
			);
			path = SignUpVC;
			sourceTree = "<group>";
		};
		216C90B31DD99ED60032A425 /* ViewModals */ = {
			isa = PBXGroup;
			children = (
				2100653D1DE2D98300F20880 /* SettingsViewModal */,
				55BF5DCD1DE2202E00D84D74 /* MainViewModal */,
				2123BD9D1DDAC9D900A0D5DD /* SignupViewModal */,
				216C90BD1DD99F070032A425 /* LoginViewModal */,
			);
			path = ViewModals;
			sourceTree = "<group>";
		};
		216C90B41DD99ED60032A425 /* Views */ = {
			isa = PBXGroup;
			children = (
			);
			path = Views;
			sourceTree = "<group>";
		};
		216C90BD1DD99F070032A425 /* LoginViewModal */ = {
			isa = PBXGroup;
			children = (
				216C90BE1DD99F2A0032A425 /* LoginVM.swift */,
			);
			path = LoginViewModal;
			sourceTree = "<group>";
		};
		21EF19A61DDB1776006E2492 /* WebServices */ = {
			isa = PBXGroup;
			children = (
				21F956951DDD834500B4171D /* ShareEndpoint.swift */,
			);
			path = WebServices;
			sourceTree = "<group>";
		};
		21F956971DDD8BD400B4171D /* Mappers */ = {
			isa = PBXGroup;
			children = (
				21F956981DDD8BD400B4171D /* UserModal */,
			);
			path = Mappers;
			sourceTree = "<group>";
		};
		21F956981DDD8BD400B4171D /* UserModal */ = {
			isa = PBXGroup;
			children = (
				21F91B851DDF168300A96D90 /* UserTrackerModal.swift */,
				21F956991DDD8C7100B4171D /* UserMapper.swift */,
			);
			path = UserModal;
			sourceTree = "<group>";
		};
		55BF5DCD1DE2202E00D84D74 /* MainViewModal */ = {
			isa = PBXGroup;
			children = (
				55BF5DCE1DE220FA00D84D74 /* MainVM.swift */,
			);
			path = MainViewModal;
			sourceTree = "<group>";
		};
		6206E2DF3D58D14E30A2F59E /* Pods */ = {
			isa = PBXGroup;
			children = (
				B30B44A3EC7C1A429CB56C07 /* Pods-Share.debug.xcconfig */,
				DB87CD278D7865D989324AB6 /* Pods-Share.release.xcconfig */,
			);
			name = Pods;
			sourceTree = "<group>";
		};
		924014F3701DB3943CCF78AA /* Frameworks */ = {
			isa = PBXGroup;
			children = (
				A8A7E74B1DB5FAED00D78A5E /* Alamofire.framework */,
				A8DEBE351DB4D8AF00F92EA0 /* FacebookLogin.framework */,
				A8DEBE361DB4D8AF00F92EA0 /* FacebookShare.framework */,
				A8DEBE371DB4D8AF00F92EA0 /* FacebookCore.framework */,
				A8DEBE2F1DB4CE9900F92EA0 /* Bolts.framework */,
				A8DEBE291DB4CE8F00F92EA0 /* FBSDKCoreKit.framework */,
				A8DEBE2A1DB4CE8F00F92EA0 /* FBSDKLoginKit.framework */,
				A8DEBE2B1DB4CE8F00F92EA0 /* FBSDKShareKit.framework */,
				30C6A4ECB66C0A0C0A884BF9 /* Pods_Share.framework */,
			);
			name = Frameworks;
			sourceTree = "<group>";
		};
		A82167501DB490CF00836A0C = {
			isa = PBXGroup;
			children = (
				A821675B1DB490D000836A0C /* Share */,
				A821675A1DB490D000836A0C /* Products */,
				924014F3701DB3943CCF78AA /* Frameworks */,
				6206E2DF3D58D14E30A2F59E /* Pods */,
			);
			sourceTree = "<group>";
		};
		A821675A1DB490D000836A0C /* Products */ = {
			isa = PBXGroup;
			children = (
				A82167591DB490D000836A0C /* Share.app */,
			);
			name = Products;
			sourceTree = "<group>";
		};
		A821675B1DB490D000836A0C /* Share */ = {
			isa = PBXGroup;
			children = (
				A8EC722A1DB4EB3B00CB5A9C /* Share.entitlements */,
				A821676E1DB4918600836A0C /* Everything */,
				A82167631DB490D000836A0C /* Assets.xcassets */,
				216C90C21DD9CEE30032A425 /* Main.storyboard */,
				A82167651DB490D000836A0C /* LaunchScreen.storyboard */,
				A82167681DB490D000836A0C /* Info.plist */,
			);
			path = Share;
			sourceTree = "<group>";
		};
		A821676E1DB4918600836A0C /* Everything */ = {
			isa = PBXGroup;
			children = (
				21EF19A61DDB1776006E2492 /* WebServices */,
				216C909A1DD99ED60032A425 /* MVVM */,
				21311E5C1DC7266C00B19D94 /* Misc */,
				A821676F1DB4918600836A0C /* AppDelegate */,
			);
			path = Everything;
			sourceTree = "<group>";
		};
		A821676F1DB4918600836A0C /* AppDelegate */ = {
			isa = PBXGroup;
			children = (
				A821675C1DB490D000836A0C /* AppDelegate.swift */,
			);
			path = AppDelegate;
			sourceTree = "<group>";
		};
/* End PBXGroup section */

/* Begin PBXNativeTarget section */
		A82167581DB490CF00836A0C /* Share */ = {
			isa = PBXNativeTarget;
			buildConfigurationList = A821676B1DB490D000836A0C /* Build configuration list for PBXNativeTarget "Share" */;
			buildPhases = (
				C78971D7C888BF6729F73113 /* [CP] Check Pods Manifest.lock */,
				A82167551DB490CF00836A0C /* Sources */,
				A82167561DB490CF00836A0C /* Frameworks */,
				A82167571DB490CF00836A0C /* Resources */,
				EFB192D67EBB498CBB1AB9BF /* [CP] Embed Pods Frameworks */,
				7CE8E692965AF7F0C347D514 /* [CP] Copy Pods Resources */,
			);
			buildRules = (
			);
			dependencies = (
			);
			name = Share;
			productName = Share;
			productReference = A82167591DB490D000836A0C /* Share.app */;
			productType = "com.apple.product-type.application";
		};
/* End PBXNativeTarget section */

/* Begin PBXProject section */
		A82167511DB490CF00836A0C /* Project object */ = {
			isa = PBXProject;
			attributes = {
				LastSwiftUpdateCheck = 0800;
				LastUpgradeCheck = 0810;
				ORGANIZATIONNAME = CodeBrew;
				TargetAttributes = {
					A82167581DB490CF00836A0C = {
						CreatedOnToolsVersion = 8.0;
						DevelopmentTeam = M55AA36S4S;
						LastSwiftMigration = 0810;
						ProvisioningStyle = Automatic;
						SystemCapabilities = {
							com.apple.Keychain = {
								enabled = 1;
							};
						};
					};
				};
			};
			buildConfigurationList = A82167541DB490CF00836A0C /* Build configuration list for PBXProject "Share" */;
			compatibilityVersion = "Xcode 3.2";
			developmentRegion = English;
			hasScannedForEncodings = 0;
			knownRegions = (
				en,
				Base,
			);
			mainGroup = A82167501DB490CF00836A0C;
			productRefGroup = A821675A1DB490D000836A0C /* Products */;
			projectDirPath = "";
			projectRoot = "";
			targets = (
				A82167581DB490CF00836A0C /* Share */,
			);
		};
/* End PBXProject section */

/* Begin PBXResourcesBuildPhase section */
		A82167571DB490CF00836A0C /* Resources */ = {
			isa = PBXResourcesBuildPhase;
			buildActionMask = 2147483647;
			files = (
				216C90C41DD9CEE30032A425 /* Main.storyboard in Resources */,
				A82167671DB490D000836A0C /* LaunchScreen.storyboard in Resources */,
				A82167641DB490D000836A0C /* Assets.xcassets in Resources */,
			);
			runOnlyForDeploymentPostprocessing = 0;
		};
/* End PBXResourcesBuildPhase section */

/* Begin PBXShellScriptBuildPhase section */
		7CE8E692965AF7F0C347D514 /* [CP] Copy Pods Resources */ = {
			isa = PBXShellScriptBuildPhase;
			buildActionMask = 2147483647;
			files = (
			);
			inputPaths = (
			);
			name = "[CP] Copy Pods Resources";
			outputPaths = (
			);
			runOnlyForDeploymentPostprocessing = 0;
			shellPath = /bin/sh;
			shellScript = "\"${SRCROOT}/Pods/Target Support Files/Pods-Share/Pods-Share-resources.sh\"\n";
			showEnvVarsInLog = 0;
		};
		C78971D7C888BF6729F73113 /* [CP] Check Pods Manifest.lock */ = {
			isa = PBXShellScriptBuildPhase;
			buildActionMask = 2147483647;
			files = (
			);
			inputPaths = (
			);
			name = "[CP] Check Pods Manifest.lock";
			outputPaths = (
			);
			runOnlyForDeploymentPostprocessing = 0;
			shellPath = /bin/sh;
			shellScript = "diff \"${PODS_ROOT}/../Podfile.lock\" \"${PODS_ROOT}/Manifest.lock\" > /dev/null\nif [[ $? != 0 ]] ; then\n    cat << EOM\nerror: The sandbox is not in sync with the Podfile.lock. Run 'pod install' or update your CocoaPods installation.\nEOM\n    exit 1\nfi\n";
			showEnvVarsInLog = 0;
		};
		EFB192D67EBB498CBB1AB9BF /* [CP] Embed Pods Frameworks */ = {
			isa = PBXShellScriptBuildPhase;
			buildActionMask = 2147483647;
			files = (
			);
			inputPaths = (
			);
			name = "[CP] Embed Pods Frameworks";
			outputPaths = (
			);
			runOnlyForDeploymentPostprocessing = 0;
			shellPath = /bin/sh;
			shellScript = "\"${SRCROOT}/Pods/Target Support Files/Pods-Share/Pods-Share-frameworks.sh\"\n";
			showEnvVarsInLog = 0;
		};
/* End PBXShellScriptBuildPhase section */

/* Begin PBXSourcesBuildPhase section */
		A82167551DB490CF00836A0C /* Sources */ = {
			isa = PBXSourcesBuildPhase;
			buildActionMask = 2147483647;
			files = (
				2100653F1DE2DA2800F20880 /* SettingsVM.swift in Sources */,
				21F956961DDD834500B4171D /* ShareEndpoint.swift in Sources */,
				2123BD9F1DDAC9EE00A0D5DD /* SignupVM.swift in Sources */,
				216C90BC1DD99ED60032A425 /* SignupVC.swift in Sources */,
				216C90BF1DD99F2A0032A425 /* LoginVM.swift in Sources */,
				216C90BB1DD99ED60032A425 /* SettingsVC.swift in Sources */,
				21F9569A1DDD8C7100B4171D /* UserMapper.swift in Sources */,
				21FDEC3A1DC8727A006AE5A6 /* textField.swift in Sources */,
				216C90B91DD99ED60032A425 /* WebViewVC.swift in Sources */,
				21F91B861DDF168300A96D90 /* UserTrackerModal.swift in Sources */,
				21CCD2151DE04FB100171436 /* UIViewController+presentError.swift in Sources */,
				216C90B71DD99ED60032A425 /* LoginVC.swift in Sources */,
				21FDEC381DC86D70006AE5A6 /* UIView+Additions.swift in Sources */,
				55BF5DCF1DE220FA00D84D74 /* MainVM.swift in Sources */,
				216C90B81DD99ED60032A425 /* MainVC.swift in Sources */,
				A821675D1DB490D000836A0C /* AppDelegate.swift in Sources */,
			);
			runOnlyForDeploymentPostprocessing = 0;
		};
/* End PBXSourcesBuildPhase section */

/* Begin PBXVariantGroup section */
		216C90C21DD9CEE30032A425 /* Main.storyboard */ = {
			isa = PBXVariantGroup;
			children = (
				216C90C31DD9CEE30032A425 /* Base */,
			);
			name = Main.storyboard;
			sourceTree = "<group>";
		};
		A82167651DB490D000836A0C /* LaunchScreen.storyboard */ = {
			isa = PBXVariantGroup;
			children = (
				A82167661DB490D000836A0C /* Base */,
			);
			name = LaunchScreen.storyboard;
			sourceTree = "<group>";
		};
/* End PBXVariantGroup section */

/* Begin XCBuildConfiguration section */
		A82167691DB490D000836A0C /* Debug */ = {
			isa = XCBuildConfiguration;
			buildSettings = {
				ALWAYS_SEARCH_USER_PATHS = NO;
				CLANG_ANALYZER_NONNULL = YES;
				CLANG_CXX_LANGUAGE_STANDARD = "gnu++0x";
				CLANG_CXX_LIBRARY = "libc++";
				CLANG_ENABLE_MODULES = YES;
				CLANG_ENABLE_OBJC_ARC = YES;
				CLANG_WARN_BOOL_CONVERSION = YES;
				CLANG_WARN_CONSTANT_CONVERSION = YES;
				CLANG_WARN_DIRECT_OBJC_ISA_USAGE = YES_ERROR;
				CLANG_WARN_DOCUMENTATION_COMMENTS = YES;
				CLANG_WARN_EMPTY_BODY = YES;
				CLANG_WARN_ENUM_CONVERSION = YES;
				CLANG_WARN_INFINITE_RECURSION = YES;
				CLANG_WARN_INT_CONVERSION = YES;
				CLANG_WARN_OBJC_ROOT_CLASS = YES_ERROR;
				CLANG_WARN_SUSPICIOUS_MOVE = YES;
				CLANG_WARN_SUSPICIOUS_MOVES = YES;
				CLANG_WARN_UNREACHABLE_CODE = YES;
				CLANG_WARN__DUPLICATE_METHOD_MATCH = YES;
				"CODE_SIGN_IDENTITY[sdk=iphoneos*]" = "iPhone Developer";
				COPY_PHASE_STRIP = NO;
				DEBUG_INFORMATION_FORMAT = dwarf;
				ENABLE_STRICT_OBJC_MSGSEND = YES;
				ENABLE_TESTABILITY = YES;
				GCC_C_LANGUAGE_STANDARD = gnu99;
				GCC_DYNAMIC_NO_PIC = NO;
				GCC_NO_COMMON_BLOCKS = YES;
				GCC_OPTIMIZATION_LEVEL = 0;
				GCC_PREPROCESSOR_DEFINITIONS = (
					"DEBUG=1",
					"$(inherited)",
				);
				GCC_WARN_64_TO_32_BIT_CONVERSION = YES;
				GCC_WARN_ABOUT_RETURN_TYPE = YES_ERROR;
				GCC_WARN_UNDECLARED_SELECTOR = YES;
				GCC_WARN_UNINITIALIZED_AUTOS = YES_AGGRESSIVE;
				GCC_WARN_UNUSED_FUNCTION = YES;
				GCC_WARN_UNUSED_VARIABLE = YES;
				IPHONEOS_DEPLOYMENT_TARGET = 9.0;
				MTL_ENABLE_DEBUG_INFO = YES;
				ONLY_ACTIVE_ARCH = YES;
				SDKROOT = iphoneos;
				SWIFT_ACTIVE_COMPILATION_CONDITIONS = DEBUG;
				SWIFT_OPTIMIZATION_LEVEL = "-Onone";
			};
			name = Debug;
		};
		A821676A1DB490D000836A0C /* Release */ = {
			isa = XCBuildConfiguration;
			buildSettings = {
				ALWAYS_SEARCH_USER_PATHS = NO;
				CLANG_ANALYZER_NONNULL = YES;
				CLANG_CXX_LANGUAGE_STANDARD = "gnu++0x";
				CLANG_CXX_LIBRARY = "libc++";
				CLANG_ENABLE_MODULES = YES;
				CLANG_ENABLE_OBJC_ARC = YES;
				CLANG_WARN_BOOL_CONVERSION = YES;
				CLANG_WARN_CONSTANT_CONVERSION = YES;
				CLANG_WARN_DIRECT_OBJC_ISA_USAGE = YES_ERROR;
				CLANG_WARN_DOCUMENTATION_COMMENTS = YES;
				CLANG_WARN_EMPTY_BODY = YES;
				CLANG_WARN_ENUM_CONVERSION = YES;
				CLANG_WARN_INFINITE_RECURSION = YES;
				CLANG_WARN_INT_CONVERSION = YES;
				CLANG_WARN_OBJC_ROOT_CLASS = YES_ERROR;
				CLANG_WARN_SUSPICIOUS_MOVE = YES;
				CLANG_WARN_SUSPICIOUS_MOVES = YES;
				CLANG_WARN_UNREACHABLE_CODE = YES;
				CLANG_WARN__DUPLICATE_METHOD_MATCH = YES;
				"CODE_SIGN_IDENTITY[sdk=iphoneos*]" = "iPhone Developer";
				COPY_PHASE_STRIP = NO;
				DEBUG_INFORMATION_FORMAT = "dwarf-with-dsym";
				ENABLE_NS_ASSERTIONS = NO;
				ENABLE_STRICT_OBJC_MSGSEND = YES;
				GCC_C_LANGUAGE_STANDARD = gnu99;
				GCC_NO_COMMON_BLOCKS = YES;
				GCC_WARN_64_TO_32_BIT_CONVERSION = YES;
				GCC_WARN_ABOUT_RETURN_TYPE = YES_ERROR;
				GCC_WARN_UNDECLARED_SELECTOR = YES;
				GCC_WARN_UNINITIALIZED_AUTOS = YES_AGGRESSIVE;
				GCC_WARN_UNUSED_FUNCTION = YES;
				GCC_WARN_UNUSED_VARIABLE = YES;
				IPHONEOS_DEPLOYMENT_TARGET = 9.0;
				MTL_ENABLE_DEBUG_INFO = NO;
				SDKROOT = iphoneos;
				SWIFT_OPTIMIZATION_LEVEL = "-Owholemodule";
				VALIDATE_PRODUCT = YES;
			};
			name = Release;
		};
		A821676C1DB490D000836A0C /* Debug */ = {
			isa = XCBuildConfiguration;
			baseConfigurationReference = B30B44A3EC7C1A429CB56C07 /* Pods-Share.debug.xcconfig */;
			buildSettings = {
				ALWAYS_EMBED_SWIFT_STANDARD_LIBRARIES = YES;
				ALWAYS_SEARCH_USER_PATHS = NO;
				ASSETCATALOG_COMPILER_APPICON_NAME = AppIcon;
				CODE_SIGN_ENTITLEMENTS = Share/Share.entitlements;
				DEBUG_INFORMATION_FORMAT = "dwarf-with-dsym";
				DEVELOPMENT_TEAM = M55AA36S4S;
				FRAMEWORK_SEARCH_PATHS = (
					"$(inherited)",
					"$(PROJECT_DIR)/Carthage/Build/iOS",
				);
				INFOPLIST_FILE = Share/Info.plist;
				IPHONEOS_DEPLOYMENT_TARGET = 9.0;
				LD_RUNPATH_SEARCH_PATHS = "$(inherited) @executable_path/Frameworks";
				PRODUCT_BUNDLE_IDENTIFIER = com.dr.shareNew;
				PRODUCT_NAME = "$(TARGET_NAME)";
				SWIFT_OBJC_BRIDGING_HEADER = "";
				SWIFT_VERSION = 3.0;
			};
			name = Debug;
		};
		A821676D1DB490D000836A0C /* Release */ = {
			isa = XCBuildConfiguration;
			baseConfigurationReference = DB87CD278D7865D989324AB6 /* Pods-Share.release.xcconfig */;
			buildSettings = {
				ALWAYS_EMBED_SWIFT_STANDARD_LIBRARIES = YES;
				ALWAYS_SEARCH_USER_PATHS = NO;
				ASSETCATALOG_COMPILER_APPICON_NAME = AppIcon;
				CODE_SIGN_ENTITLEMENTS = Share/Share.entitlements;
				DEVELOPMENT_TEAM = M55AA36S4S;
				FRAMEWORK_SEARCH_PATHS = (
					"$(inherited)",
					"$(PROJECT_DIR)/Carthage/Build/iOS",
				);
				INFOPLIST_FILE = Share/Info.plist;
				IPHONEOS_DEPLOYMENT_TARGET = 9.0;
				LD_RUNPATH_SEARCH_PATHS = "$(inherited) @executable_path/Frameworks";
				PRODUCT_BUNDLE_IDENTIFIER = com.dr.shareNew;
				PRODUCT_NAME = "$(TARGET_NAME)";
				SWIFT_OBJC_BRIDGING_HEADER = "";
				SWIFT_VERSION = 3.0;
			};
			name = Release;
		};
/* End XCBuildConfiguration section */

/* Begin XCConfigurationList section */
		A82167541DB490CF00836A0C /* Build configuration list for PBXProject "Share" */ = {
			isa = XCConfigurationList;
			buildConfigurations = (
				A82167691DB490D000836A0C /* Debug */,
				A821676A1DB490D000836A0C /* Release */,
			);
			defaultConfigurationIsVisible = 0;
			defaultConfigurationName = Release;
		};
		A821676B1DB490D000836A0C /* Build configuration list for PBXNativeTarget "Share" */ = {
			isa = XCConfigurationList;
			buildConfigurations = (
				A821676C1DB490D000836A0C /* Debug */,
				A821676D1DB490D000836A0C /* Release */,
			);
			defaultConfigurationIsVisible = 0;
			defaultConfigurationName = Release;
		};
/* End XCConfigurationList section */
	};
	rootObject = A82167511DB490CF00836A0C /* Project object */;
}
